version: 5
environments:
  default:
    channels:
    - url: https://conda.anaconda.org/conda-forge/
    packages:
      osx-arm64:
      - conda: https://conda.anaconda.org/conda-forge/noarch/annotated-types-0.7.0-pyhd8ed1ab_0.conda
      - conda: https://conda.anaconda.org/conda-forge/osx-arm64/bzip2-1.0.8-h99b78c6_7.conda
      - conda: https://conda.anaconda.org/conda-forge/osx-arm64/ca-certificates-2024.8.30-hf0a4a13_0.conda
      - conda: https://conda.anaconda.org/conda-forge/osx-arm64/cffi-1.17.1-py313hc845a76_0.conda
      - conda: https://conda.anaconda.org/conda-forge/noarch/cfgv-3.3.1-pyhd8ed1ab_0.tar.bz2
      - conda: https://conda.anaconda.org/conda-forge/noarch/distlib-0.3.9-pyhd8ed1ab_0.conda
      - conda: https://conda.anaconda.org/conda-forge/noarch/ecdsa-0.19.0-pyhd8ed1ab_0.conda
      - conda: https://conda.anaconda.org/conda-forge/noarch/filelock-3.16.1-pyhd8ed1ab_0.conda
      - conda: https://conda.anaconda.org/conda-forge/osx-arm64/gmp-6.3.0-h7bae524_2.conda
      - conda: https://conda.anaconda.org/conda-forge/osx-arm64/gmpy2-2.1.5-py313he559d9b_2.conda
      - conda: https://conda.anaconda.org/conda-forge/noarch/identify-2.6.1-pyhd8ed1ab_0.conda
      - conda: https://conda.anaconda.org/conda-forge/osx-arm64/libcxx-19.1.2-ha82da77_0.conda
      - conda: https://conda.anaconda.org/conda-forge/osx-arm64/libexpat-2.6.3-hf9b8971_0.conda
      - conda: https://conda.anaconda.org/conda-forge/osx-arm64/libffi-3.4.2-h3422bc3_5.tar.bz2
      - conda: https://conda.anaconda.org/conda-forge/osx-arm64/libmpdec-4.0.0-h99b78c6_0.conda
      - conda: https://conda.anaconda.org/conda-forge/osx-arm64/libsqlite-3.46.1-hc14010f_0.conda
      - conda: https://conda.anaconda.org/conda-forge/osx-arm64/libzlib-1.3.1-h8359307_2.conda
      - conda: https://conda.anaconda.org/conda-forge/osx-arm64/mpc-1.3.1-h8f1351a_1.conda
      - conda: https://conda.anaconda.org/conda-forge/osx-arm64/mpfr-4.2.1-hb693164_3.conda
      - conda: https://conda.anaconda.org/conda-forge/osx-arm64/ncurses-6.5-h7bae524_1.conda
      - conda: https://conda.anaconda.org/conda-forge/noarch/nodeenv-1.9.1-pyhd8ed1ab_0.conda
      - conda: https://conda.anaconda.org/conda-forge/osx-arm64/openssl-3.3.2-h8359307_0.conda
      - conda: https://conda.anaconda.org/conda-forge/noarch/platformdirs-4.3.6-pyhd8ed1ab_0.conda
      - conda: https://conda.anaconda.org/conda-forge/noarch/pre-commit-4.0.1-pyha770c72_0.conda
      - conda: https://conda.anaconda.org/conda-forge/noarch/pycparser-2.22-pyhd8ed1ab_0.conda
      - conda: https://conda.anaconda.org/conda-forge/noarch/pydantic-2.9.2-pyhd8ed1ab_0.conda
      - conda: https://conda.anaconda.org/conda-forge/osx-arm64/pydantic-core-2.23.4-py313h849cdff_0.conda
      - conda: https://conda.anaconda.org/conda-forge/osx-arm64/python-3.13.0-h75c3a9f_100_cp313.conda
      - conda: https://conda.anaconda.org/conda-forge/osx-arm64/python_abi-3.13-5_cp313.conda
      - conda: https://conda.anaconda.org/conda-forge/osx-arm64/pyyaml-6.0.2-py313h20a7fcf_1.conda
      - conda: https://conda.anaconda.org/conda-forge/osx-arm64/readline-8.2-h92ec313_1.conda
      - conda: https://conda.anaconda.org/conda-forge/osx-arm64/ruff-0.6.9-py313hd00194d_0.conda
      - conda: https://conda.anaconda.org/conda-forge/noarch/setuptools-75.1.0-pyhd8ed1ab_0.conda
      - conda: https://conda.anaconda.org/conda-forge/noarch/six-1.16.0-pyh6c4a22f_0.tar.bz2
      - conda: https://conda.anaconda.org/conda-forge/osx-arm64/tk-8.6.13-h5083fa2_1.conda
      - conda: https://conda.anaconda.org/conda-forge/noarch/typing-extensions-4.12.2-hd8ed1ab_0.conda
      - conda: https://conda.anaconda.org/conda-forge/noarch/typing_extensions-4.12.2-pyha770c72_0.conda
      - conda: https://conda.anaconda.org/conda-forge/noarch/tzdata-2024b-hc8b5060_0.conda
      - conda: https://conda.anaconda.org/conda-forge/osx-arm64/ukkonen-1.0.1-py313hf9c7212_5.conda
      - conda: https://conda.anaconda.org/conda-forge/noarch/virtualenv-20.27.0-pyhd8ed1ab_0.conda
      - conda: https://conda.anaconda.org/conda-forge/osx-arm64/xz-5.2.6-h57fd34a_0.tar.bz2
      - conda: https://conda.anaconda.org/conda-forge/osx-arm64/yaml-0.2.5-h3422bc3_2.tar.bz2
packages:
- kind: conda
  name: annotated-types
  version: 0.7.0
  build: pyhd8ed1ab_0
  subdir: noarch
  noarch: python
  url: https://conda.anaconda.org/conda-forge/noarch/annotated-types-0.7.0-pyhd8ed1ab_0.conda
  sha256: 668f0825b6c18e4012ca24a0070562b6ec801ebc7008228a428eb52b4038873f
  md5: 7e9f4612544c8edbfd6afad17f1bd045
  depends:
  - python >=3.7
  - typing-extensions >=4.0.0
  license: MIT
  license_family: MIT
  size: 18235
  timestamp: 1716290348421
- kind: conda
  name: bzip2
  version: 1.0.8
  build: h99b78c6_7
  build_number: 7
  subdir: osx-arm64
  url: https://conda.anaconda.org/conda-forge/osx-arm64/bzip2-1.0.8-h99b78c6_7.conda
  sha256: adfa71f158cbd872a36394c56c3568e6034aa55c623634b37a4836bd036e6b91
  md5: fc6948412dbbbe9a4c9ddbbcfe0a79ab
  depends:
  - __osx >=11.0
  license: bzip2-1.0.6
  license_family: BSD
  size: 122909
  timestamp: 1720974522888
- kind: conda
  name: ca-certificates
  version: 2024.8.30
  build: hf0a4a13_0
  subdir: osx-arm64
  url: https://conda.anaconda.org/conda-forge/osx-arm64/ca-certificates-2024.8.30-hf0a4a13_0.conda
  sha256: 2db1733f4b644575dbbdd7994a8f338e6ef937f5ebdb74acd557e9dda0211709
  md5: 40dec13fd8348dbe303e57be74bd3d35
  license: ISC
  size: 158482
  timestamp: 1725019034582
- kind: conda
  name: cffi
  version: 1.17.1
  build: py313hc845a76_0
  subdir: osx-arm64
  url: https://conda.anaconda.org/conda-forge/osx-arm64/cffi-1.17.1-py313hc845a76_0.conda
  sha256: 50650dfa70ccf12b9c4a117d7ef0b41895815bb7328d830d667a6ba3525b60e8
  md5: 6d24d5587a8615db33c961a4ca0a8034
  depends:
  - __osx >=11.0
  - libffi >=3.4,<4.0a0
  - pycparser
  - python >=3.13.0rc1,<3.14.0a0
  - python >=3.13.0rc1,<3.14.0a0 *_cp313
  - python_abi 3.13.* *_cp313
  license: MIT
  license_family: MIT
  size: 282115
  timestamp: 1725560759157
- kind: conda
  name: cfgv
  version: 3.3.1
  build: pyhd8ed1ab_0
  subdir: noarch
  noarch: python
  url: https://conda.anaconda.org/conda-forge/noarch/cfgv-3.3.1-pyhd8ed1ab_0.tar.bz2
  sha256: fbc03537a27ef756162c49b1d0608bf7ab12fa5e38ceb8563d6f4859e835ac5c
  md5: ebb5f5f7dc4f1a3780ef7ea7738db08c
  depends:
  - python >=3.6.1
  license: MIT
  license_family: MIT
  size: 10788
  timestamp: 1629909423398
- kind: conda
  name: distlib
  version: 0.3.9
  build: pyhd8ed1ab_0
  subdir: noarch
  noarch: python
  url: https://conda.anaconda.org/conda-forge/noarch/distlib-0.3.9-pyhd8ed1ab_0.conda
  sha256: 300b2e714f59403df0560174f5ef6c19db8b4a3b74a7244862cf771f07dee8fb
  md5: fe521c1608280cc2803ebd26dc252212
  depends:
  - python 2.7|>=3.6
  license: Apache-2.0
  license_family: APACHE
  size: 276214
  timestamp: 1728557312342
- kind: conda
  name: ecdsa
  version: 0.19.0
  build: pyhd8ed1ab_0
  subdir: noarch
  noarch: python
  url: https://conda.anaconda.org/conda-forge/noarch/ecdsa-0.19.0-pyhd8ed1ab_0.conda
  sha256: e7dce53c95da43ab94a97f292a3ce5805c9cdf4c4e000b529fe009d9f6c8ab2b
  md5: 4a96a225a5901281397a42cc36cc7f6f
  depends:
  - gmpy2
  - python >=3.5
  - six >=1.9.0
  license: MIT
  license_family: MIT
  size: 126908
  timestamp: 1712652099547
- kind: conda
  name: filelock
  version: 3.16.1
  build: pyhd8ed1ab_0
  subdir: noarch
  noarch: python
  url: https://conda.anaconda.org/conda-forge/noarch/filelock-3.16.1-pyhd8ed1ab_0.conda
  sha256: 1da766da9dba05091af87977922fe60dc7464091a9ccffb3765d403189d39be4
  md5: 916f8ec5dd4128cd5f207a3c4c07b2c6
  depends:
  - python >=3.7
  license: Unlicense
  size: 17357
  timestamp: 1726613593584
- kind: conda
  name: gmp
  version: 6.3.0
  build: h7bae524_2
  build_number: 2
  subdir: osx-arm64
  url: https://conda.anaconda.org/conda-forge/osx-arm64/gmp-6.3.0-h7bae524_2.conda
  sha256: 76e222e072d61c840f64a44e0580c2503562b009090f55aa45053bf1ccb385dd
  md5: eed7278dfbab727b56f2c0b64330814b
  depends:
  - __osx >=11.0
  - libcxx >=16
  license: GPL-2.0-or-later OR LGPL-3.0-or-later
  size: 365188
  timestamp: 1718981343258
- kind: conda
  name: gmpy2
  version: 2.1.5
  build: py313he559d9b_2
  build_number: 2
  subdir: osx-arm64
  url: https://conda.anaconda.org/conda-forge/osx-arm64/gmpy2-2.1.5-py313he559d9b_2.conda
  sha256: cbf9ddd24dff6b9d6e5e0fc42b9f6847d222f02c5b395c1889da5463bb08854b
  md5: 792233f724322875516c9692b89a1a12
  depends:
  - __osx >=11.0
  - gmp >=6.3.0,<7.0a0
  - mpc >=1.3.1,<2.0a0
  - mpfr >=4.2.1,<5.0a0
  - python >=3.13.0rc1,<3.14.0a0
  - python >=3.13.0rc1,<3.14.0a0 *_cp313
  - python_abi 3.13.* *_cp313
  license: LGPL-3.0-or-later
  license_family: LGPL
  size: 148549
  timestamp: 1725380235518
- kind: conda
  name: identify
  version: 2.6.1
  build: pyhd8ed1ab_0
  subdir: noarch
  noarch: python
  url: https://conda.anaconda.org/conda-forge/noarch/identify-2.6.1-pyhd8ed1ab_0.conda
  sha256: dc752392f327e64e32bc3122758b2d8951aec9d6e6aa888463c73d18a10e3c56
  md5: 43f629202f9eec21be5f71171fb5daf8
  depends:
  - python >=3.6
  - ukkonen
  license: MIT
  license_family: MIT
  size: 78078
  timestamp: 1726369674008
- kind: conda
  name: libcxx
  version: 19.1.2
  build: ha82da77_0
  subdir: osx-arm64
  url: https://conda.anaconda.org/conda-forge/osx-arm64/libcxx-19.1.2-ha82da77_0.conda
  sha256: 9c714110264f4fe824d40e11ad39b0eda65251f87826c81f4d67ccf8a3348d29
  md5: ba89ad7c5477e6a9d020020fcdadd37d
  depends:
  - __osx >=11.0
  license: Apache-2.0 WITH LLVM-exception
  license_family: Apache
  size: 521199
  timestamp: 1729038190391
- kind: conda
  name: libexpat
  version: 2.6.3
  build: hf9b8971_0
  subdir: osx-arm64
  url: https://conda.anaconda.org/conda-forge/osx-arm64/libexpat-2.6.3-hf9b8971_0.conda
  sha256: 5cbe5a199fba14ade55457a468ce663aac0b54832c39aa54470b3889b4c75c4a
  md5: 5f22f07c2ab2dea8c66fe9585a062c96
  depends:
  - __osx >=11.0
  constrains:
  - expat 2.6.3.*
  license: MIT
  license_family: MIT
  size: 63895
  timestamp: 1725568783033
- kind: conda
  name: libffi
  version: 3.4.2
  build: h3422bc3_5
  build_number: 5
  subdir: osx-arm64
  url: https://conda.anaconda.org/conda-forge/osx-arm64/libffi-3.4.2-h3422bc3_5.tar.bz2
  sha256: 41b3d13efb775e340e4dba549ab5c029611ea6918703096b2eaa9c015c0750ca
  md5: 086914b672be056eb70fd4285b6783b6
  license: MIT
  license_family: MIT
  size: 39020
  timestamp: 1636488587153
- kind: conda
  name: libmpdec
  version: 4.0.0
  build: h99b78c6_0
  subdir: osx-arm64
  url: https://conda.anaconda.org/conda-forge/osx-arm64/libmpdec-4.0.0-h99b78c6_0.conda
  sha256: f7917de9117d3a5fe12a39e185c7ce424f8d5010a6f97b4333e8a1dcb2889d16
  md5: 7476305c35dd9acef48da8f754eedb40
  depends:
  - __osx >=11.0
  license: BSD-2-Clause
  license_family: BSD
  size: 69263
  timestamp: 1723817629767
- kind: conda
  name: libsqlite
  version: 3.46.1
  build: hc14010f_0
  subdir: osx-arm64
  url: https://conda.anaconda.org/conda-forge/osx-arm64/libsqlite-3.46.1-hc14010f_0.conda
  sha256: 3725f962f490c5d44dae326d5f5b2e3c97f71a6322d914ccc85b5ddc2e50d120
  md5: 58050ec1724e58668d0126a1615553fa
  depends:
  - __osx >=11.0
  - libzlib >=1.3.1,<2.0a0
  license: Unlicense
  size: 829500
  timestamp: 1725353720793
- kind: conda
  name: libzlib
  version: 1.3.1
  build: h8359307_2
  build_number: 2
  subdir: osx-arm64
  url: https://conda.anaconda.org/conda-forge/osx-arm64/libzlib-1.3.1-h8359307_2.conda
  sha256: ce34669eadaba351cd54910743e6a2261b67009624dbc7daeeafdef93616711b
  md5: 369964e85dc26bfe78f41399b366c435
  depends:
  - __osx >=11.0
  constrains:
  - zlib 1.3.1 *_2
  license: Zlib
  license_family: Other
  size: 46438
  timestamp: 1727963202283
- kind: conda
  name: mpc
  version: 1.3.1
  build: h8f1351a_1
  build_number: 1
  subdir: osx-arm64
  url: https://conda.anaconda.org/conda-forge/osx-arm64/mpc-1.3.1-h8f1351a_1.conda
  sha256: 2700899ad03302a1751dbf2bca135407e470dd83ac897ab91dd8675d4300f158
  md5: a5635df796b71f6ca400fc7026f50701
  depends:
  - __osx >=11.0
  - gmp >=6.3.0,<7.0a0
  - mpfr >=4.2.1,<5.0a0
  license: LGPL-3.0-or-later
  license_family: LGPL
  size: 104766
  timestamp: 1725629165420
- kind: conda
  name: mpfr
  version: 4.2.1
  build: hb693164_3
  build_number: 3
  subdir: osx-arm64
  url: https://conda.anaconda.org/conda-forge/osx-arm64/mpfr-4.2.1-hb693164_3.conda
  sha256: 4463e4e2aba7668e37a1b8532859191b4477a6f3602a5d6b4d64ad4c4baaeac5
  md5: 4e4ea852d54cc2b869842de5044662fb
  depends:
  - __osx >=11.0
  - gmp >=6.3.0,<7.0a0
  license: LGPL-3.0-only
  license_family: LGPL
  size: 345517
  timestamp: 1725746730583
- kind: conda
  name: ncurses
  version: '6.5'
  build: h7bae524_1
  build_number: 1
  subdir: osx-arm64
  url: https://conda.anaconda.org/conda-forge/osx-arm64/ncurses-6.5-h7bae524_1.conda
  sha256: 27d0b9ff78ad46e1f3a6c96c479ab44beda5f96def88e2fe626e0a49429d8afc
  md5: cb2b0ea909b97b3d70cd3921d1445e1a
  depends:
  - __osx >=11.0
  license: X11 AND BSD-3-Clause
  size: 802321
  timestamp: 1724658775723
- kind: conda
  name: nodeenv
  version: 1.9.1
  build: pyhd8ed1ab_0
  subdir: noarch
  noarch: python
  url: https://conda.anaconda.org/conda-forge/noarch/nodeenv-1.9.1-pyhd8ed1ab_0.conda
  sha256: 85ee07342ab055dc081f3de8292c5e7195e43e046db9c5750f242f928f6bb8f2
  md5: dfe0528d0f1c16c1f7c528ea5536ab30
  depends:
  - python 2.7|>=3.7
  - setuptools
  license: BSD-3-Clause
  license_family: BSD
  size: 34489
  timestamp: 1717585382642
- kind: conda
  name: openssl
  version: 3.3.2
  build: h8359307_0
  subdir: osx-arm64
  url: https://conda.anaconda.org/conda-forge/osx-arm64/openssl-3.3.2-h8359307_0.conda
  sha256: 940fa01c4dc6152158fe8943e05e55a1544cab639df0994e3b35937839e4f4d1
  md5: 1773ebccdc13ec603356e8ff1db9e958
  depends:
  - __osx >=11.0
  - ca-certificates
  license: Apache-2.0
  license_family: Apache
  size: 2882450
  timestamp: 1725410638874
- kind: conda
  name: platformdirs
  version: 4.3.6
  build: pyhd8ed1ab_0
  subdir: noarch
  noarch: python
  url: https://conda.anaconda.org/conda-forge/noarch/platformdirs-4.3.6-pyhd8ed1ab_0.conda
  sha256: c81bdeadc4adcda216b2c7b373f0335f5c78cc480d1d55d10f21823590d7e46f
  md5: fd8f2b18b65bbf62e8f653100690c8d2
  depends:
  - python >=3.8
  license: MIT
  license_family: MIT
  size: 20625
  timestamp: 1726613611845
- kind: conda
  name: pre-commit
  version: 4.0.1
  build: pyha770c72_0
  subdir: noarch
  noarch: python
  url: https://conda.anaconda.org/conda-forge/noarch/pre-commit-4.0.1-pyha770c72_0.conda
  sha256: 2490b18ec802d8f085f2de8298a3d275451f7db17769353080dfb121fe386675
  md5: 5971cc64048943605f352f7f8612de6c
  depends:
  - cfgv >=2.0.0
  - identify >=1.0.0
  - nodeenv >=0.11.1
  - python >=3.9
  - pyyaml >=5.1
  - virtualenv >=20.10.0
  license: MIT
  license_family: MIT
  size: 194633
  timestamp: 1728420305558
- kind: conda
  name: pycparser
  version: '2.22'
  build: pyhd8ed1ab_0
  subdir: noarch
  noarch: python
  url: https://conda.anaconda.org/conda-forge/noarch/pycparser-2.22-pyhd8ed1ab_0.conda
  sha256: 406001ebf017688b1a1554b49127ca3a4ac4626ec0fd51dc75ffa4415b720b64
  md5: 844d9eb3b43095b031874477f7d70088
  depends:
  - python >=3.8
  license: BSD-3-Clause
  license_family: BSD
  size: 105098
  timestamp: 1711811634025
- kind: conda
  name: pydantic
  version: 2.9.2
  build: pyhd8ed1ab_0
  subdir: noarch
  noarch: python
  url: https://conda.anaconda.org/conda-forge/noarch/pydantic-2.9.2-pyhd8ed1ab_0.conda
  sha256: 1b7b0dc9f6af4da156bf22b0263be70829364a08145c696d3670facff2f6441a
  md5: 1eb533bb8eb2199e3fef3e4aa147319f
  depends:
  - annotated-types >=0.6.0
  - pydantic-core 2.23.4
  - python >=3.7
  - typing-extensions >=4.6.1
  license: MIT
  license_family: MIT
  size: 300649
  timestamp: 1726601202431
- kind: conda
  name: pydantic-core
  version: 2.23.4
  build: py313h849cdff_0
  subdir: osx-arm64
  url: https://conda.anaconda.org/conda-forge/osx-arm64/pydantic-core-2.23.4-py313h849cdff_0.conda
  sha256: 77cf88b200ee6fbfef62e10d1df401f103e6f2adbec455597133bdec449a6d03
  md5: beecb2f04a9189a7e0646d80e1c765c2
  depends:
  - __osx >=11.0
  - python >=3.13.0rc2,<3.14.0a0
  - python >=3.13.0rc2,<3.14.0a0 *_cp313
  - python_abi 3.13.* *_cp313
  - typing-extensions >=4.6.0,!=4.7.0
  constrains:
  - __osx >=11.0
  license: MIT
  license_family: MIT
  size: 1433890
  timestamp: 1726525569757
- kind: conda
  name: python
  version: 3.13.0
  build: h75c3a9f_100_cp313
  build_number: 100
  subdir: osx-arm64
  url: https://conda.anaconda.org/conda-forge/osx-arm64/python-3.13.0-h75c3a9f_100_cp313.conda
  sha256: be9464399b76ae1fef77853eed70267ef657a98a5f69f7df012b7c6a34792151
  md5: 94ae22ea862d056ad1bc095443d02d73
  depends:
  - __osx >=11.0
  - bzip2 >=1.0.8,<2.0a0
  - libexpat >=2.6.3,<3.0a0
  - libffi >=3.4,<4.0a0
  - libmpdec >=4.0.0,<5.0a0
  - libsqlite >=3.46.1,<4.0a0
  - libzlib >=1.3.1,<2.0a0
  - ncurses >=6.5,<7.0a0
  - openssl >=3.3.2,<4.0a0
  - python_abi 3.13.* *_cp313
  - readline >=8.2,<9.0a0
  - tk >=8.6.13,<8.7.0a0
  - tzdata
  - xz >=5.2.6,<6.0a0
  license: Python-2.0
  size: 12804842
  timestamp: 1729168680448
- kind: conda
  name: python_abi
  version: '3.13'
  build: 5_cp313
  build_number: 5
  subdir: osx-arm64
  url: https://conda.anaconda.org/conda-forge/osx-arm64/python_abi-3.13-5_cp313.conda
  sha256: 4437198eae80310f40b23ae2f8a9e0a7e5c2b9ae411a8621eb03d87273666199
  md5: b8e82d0a5c1664638f87f63cc5d241fb
  constrains:
  - python 3.13.* *_cp313
  license: BSD-3-Clause
  license_family: BSD
  size: 6322
  timestamp: 1723823058879
- kind: conda
  name: pyyaml
  version: 6.0.2
  build: py313h20a7fcf_1
  build_number: 1
  subdir: osx-arm64
  url: https://conda.anaconda.org/conda-forge/osx-arm64/pyyaml-6.0.2-py313h20a7fcf_1.conda
  sha256: f9fbafcf30cfab591c67f7550c0fd58e2bff394b53864dcdc658f5abd27ce5d6
  md5: bf2ddf70a9ce8f899b1082d17cbb3d1d
  depends:
  - __osx >=11.0
  - python >=3.13.0rc1,<3.14.0a0
  - python >=3.13.0rc1,<3.14.0a0 *_cp313
  - python_abi 3.13.* *_cp313
  - yaml >=0.2.5,<0.3.0a0
  license: MIT
  license_family: MIT
  size: 187550
  timestamp: 1725456463634
- kind: conda
  name: readline
  version: '8.2'
  build: h92ec313_1
  build_number: 1
  subdir: osx-arm64
  url: https://conda.anaconda.org/conda-forge/osx-arm64/readline-8.2-h92ec313_1.conda
  sha256: a1dfa679ac3f6007362386576a704ad2d0d7a02e98f5d0b115f207a2da63e884
  md5: 8cbb776a2f641b943d413b3e19df71f4
  depends:
  - ncurses >=6.3,<7.0a0
  license: GPL-3.0-only
  license_family: GPL
  size: 250351
  timestamp: 1679532511311
- kind: conda
  name: ruff
  version: 0.6.9
  build: py313hd00194d_0
  subdir: osx-arm64
  url: https://conda.anaconda.org/conda-forge/osx-arm64/ruff-0.6.9-py313hd00194d_0.conda
  sha256: cab52e9f9f062a6a23a3386a5411de9f67392c2c746da05da6e516a8e0cf5572
  md5: 58fd2e71ae8a272f7f485530ad9c665e
  depends:
  - __osx >=11.0
  - libcxx >=17
  - python >=3.13.0rc3,<3.14.0a0
  - python >=3.13.0rc3,<3.14.0a0 *_cp313
  - python_abi 3.13.* *_cp313
  constrains:
  - __osx >=11.0
  license: MIT
  license_family: MIT
  size: 6341525
  timestamp: 1728067376274
- kind: conda
  name: setuptools
  version: 75.1.0
  build: pyhd8ed1ab_0
  subdir: noarch
  noarch: python
  url: https://conda.anaconda.org/conda-forge/noarch/setuptools-75.1.0-pyhd8ed1ab_0.conda
  sha256: 6725235722095c547edd24275053c615158d6163f396550840aebd6e209e4738
  md5: d5cd48392c67fb6849ba459c2c2b671f
  depends:
  - python >=3.8
  license: MIT
  license_family: MIT
  size: 777462
  timestamp: 1727249510532
- kind: conda
  name: six
  version: 1.16.0
  build: pyh6c4a22f_0
  subdir: noarch
  noarch: python
  url: https://conda.anaconda.org/conda-forge/noarch/six-1.16.0-pyh6c4a22f_0.tar.bz2
  sha256: a85c38227b446f42c5b90d9b642f2c0567880c15d72492d8da074a59c8f91dd6
  md5: e5f25f8dbc060e9a8d912e432202afc2
  depends:
  - python
  license: MIT
  license_family: MIT
  size: 14259
  timestamp: 1620240338595
- kind: conda
  name: tk
  version: 8.6.13
  build: h5083fa2_1
  build_number: 1
  subdir: osx-arm64
  url: https://conda.anaconda.org/conda-forge/osx-arm64/tk-8.6.13-h5083fa2_1.conda
  sha256: 72457ad031b4c048e5891f3f6cb27a53cb479db68a52d965f796910e71a403a8
  md5: b50a57ba89c32b62428b71a875291c9b
  depends:
  - libzlib >=1.2.13,<2.0.0a0
  license: TCL
  license_family: BSD
  size: 3145523
  timestamp: 1699202432999
- kind: conda
  name: typing-extensions
  version: 4.12.2
  build: hd8ed1ab_0
  subdir: noarch
  noarch: python
  url: https://conda.anaconda.org/conda-forge/noarch/typing-extensions-4.12.2-hd8ed1ab_0.conda
  sha256: d3b9a8ed6da7c9f9553c5fd8a4fca9c3e0ab712fa5f497859f82337d67533b73
  md5: 52d648bd608f5737b123f510bb5514b5
  depends:
  - typing_extensions 4.12.2 pyha770c72_0
  license: PSF-2.0
  license_family: PSF
  size: 10097
  timestamp: 1717802659025
- kind: conda
  name: typing_extensions
  version: 4.12.2
  build: pyha770c72_0
  subdir: noarch
  noarch: python
  url: https://conda.anaconda.org/conda-forge/noarch/typing_extensions-4.12.2-pyha770c72_0.conda
  sha256: 0fce54f8ec3e59f5ef3bb7641863be4e1bf1279623e5af3d3fa726e8f7628ddb
  md5: ebe6952715e1d5eb567eeebf25250fa7
  depends:
  - python >=3.8
  license: PSF-2.0
  license_family: PSF
  size: 39888
  timestamp: 1717802653893
- kind: conda
  name: tzdata
  version: 2024b
  build: hc8b5060_0
  subdir: noarch
  noarch: generic
  url: https://conda.anaconda.org/conda-forge/noarch/tzdata-2024b-hc8b5060_0.conda
  sha256: 4fde5c3008bf5d2db82f2b50204464314cc3c91c1d953652f7bd01d9e52aefdf
  md5: 8ac3367aafb1cc0a068483c580af8015
  license: LicenseRef-Public-Domain
  size: 122354
  timestamp: 1728047496079
- kind: conda
  name: ukkonen
  version: 1.0.1
  build: py313hf9c7212_5
  build_number: 5
  subdir: osx-arm64
  url: https://conda.anaconda.org/conda-forge/osx-arm64/ukkonen-1.0.1-py313hf9c7212_5.conda
  sha256: 482eac475928c031948790647ae10c2cb1d4a779c2e8f35f5fd1925561b13203
  md5: 8ddba23e26957f0afe5fc9236c73124a
  depends:
  - __osx >=11.0
  - cffi
  - libcxx >=17
  - python >=3.13.0rc1,<3.14.0a0
  - python >=3.13.0rc1,<3.14.0a0 *_cp313
  - python_abi 3.13.* *_cp313
  license: MIT
  license_family: MIT
  size: 13689
  timestamp: 1725784235751
- kind: conda
  name: virtualenv
  version: 20.27.0
  build: pyhd8ed1ab_0
  subdir: noarch
  noarch: python
  url: https://conda.anaconda.org/conda-forge/noarch/virtualenv-20.27.0-pyhd8ed1ab_0.conda
  sha256: 18bae5ff9f02793ca56d295f0a5f1d4443623ee3be09a6805eb7d4b18245968c
  md5: a6ed1227ba6ec37cfc2b25e6512f729f
  depends:
  - distlib <1,>=0.3.7
  - filelock <4,>=3.12.2
  - platformdirs <5,>=3.9.1
  - python >=3.8
  license: MIT
  size: 2952166
  timestamp: 1729243861344
- kind: conda
  name: xz
  version: 5.2.6
  build: h57fd34a_0
  subdir: osx-arm64
  url: https://conda.anaconda.org/conda-forge/osx-arm64/xz-5.2.6-h57fd34a_0.tar.bz2
  sha256: 59d78af0c3e071021cfe82dc40134c19dab8cdf804324b62940f5c8cd71803ec
  md5: 39c6b54e94014701dd157f4f576ed211
  license: LGPL-2.1 and GPL-2.0
  size: 235693
  timestamp: 1660346961024
- kind: conda
  name: yaml
  version: 0.2.5
  build: h3422bc3_2
  build_number: 2
  subdir: osx-arm64
  url: https://conda.anaconda.org/conda-forge/osx-arm64/yaml-0.2.5-h3422bc3_2.tar.bz2
  sha256: 93181a04ba8cfecfdfb162fc958436d868cc37db504c58078eab4c1a3e57fbb7
  md5: 4bb3f014845110883a3c5ee811fd84b4
  license: MIT
  license_family: MIT
  size: 88016
  timestamp: 1641347076660
